// !$*UTF8*$!
{
	archiveVersion = 1;
	classes = {
	};
	objectVersion = 52;
	objects = {

/* Begin PBXBuildFile section */
		983CA6847C22CA86E13087EA /* Pods_Open_GitHub.framework in Frameworks */ = {isa = PBXBuildFile; fileRef = A8F1BEBFEE04F241E699305D /* Pods_Open_GitHub.framework */; };
		D12DC90A249CB04500550D3F /* AppDelegate.swift in Sources */ = {isa = PBXBuildFile; fileRef = D12DC909249CB04500550D3F /* AppDelegate.swift */; };
		D12DC90E249CB04500550D3F /* SearchViewController.swift in Sources */ = {isa = PBXBuildFile; fileRef = D12DC90D249CB04500550D3F /* SearchViewController.swift */; };
		D12DC914249CB04500550D3F /* OpenGitHub.xcdatamodeld in Sources */ = {isa = PBXBuildFile; fileRef = D12DC912249CB04500550D3F /* OpenGitHub.xcdatamodeld */; };
		D12DC916249CB04800550D3F /* Assets.xcassets in Resources */ = {isa = PBXBuildFile; fileRef = D12DC915249CB04800550D3F /* Assets.xcassets */; };
		D12DC919249CB04800550D3F /* LaunchScreen.storyboard in Resources */ = {isa = PBXBuildFile; fileRef = D12DC917249CB04800550D3F /* LaunchScreen.storyboard */; };
		D17EF972249D442E008094B0 /* AppCoordinator.swift in Sources */ = {isa = PBXBuildFile; fileRef = D17EF971249D442E008094B0 /* AppCoordinator.swift */; };
		D17EF981249D529D008094B0 /* UIView.swift in Sources */ = {isa = PBXBuildFile; fileRef = D17EF97A249D529D008094B0 /* UIView.swift */; };
		D17EF982249D529D008094B0 /* UIDevice.swift in Sources */ = {isa = PBXBuildFile; fileRef = D17EF97B249D529D008094B0 /* UIDevice.swift */; };
		D17EF984249D529D008094B0 /* UIColor.swift in Sources */ = {isa = PBXBuildFile; fileRef = D17EF97D249D529D008094B0 /* UIColor.swift */; };
		D17EF985249D529D008094B0 /* UIImageView.swift in Sources */ = {isa = PBXBuildFile; fileRef = D17EF97E249D529D008094B0 /* UIImageView.swift */; };
		D17EF987249D529D008094B0 /* UILabel+Label.swift in Sources */ = {isa = PBXBuildFile; fileRef = D17EF980249D529D008094B0 /* UILabel+Label.swift */; };
		D17EF989249D5E1A008094B0 /* UIViewController+ViewController.swift in Sources */ = {isa = PBXBuildFile; fileRef = D17EF988249D5E1A008094B0 /* UIViewController+ViewController.swift */; };
		D17EF98B249D8145008094B0 /* SearchViewModel.swift in Sources */ = {isa = PBXBuildFile; fileRef = D17EF98A249D8145008094B0 /* SearchViewModel.swift */; };
/* End PBXBuildFile section */

/* Begin PBXFileReference section */
		A8F1BEBFEE04F241E699305D /* Pods_Open_GitHub.framework */ = {isa = PBXFileReference; explicitFileType = wrapper.framework; includeInIndex = 0; path = Pods_Open_GitHub.framework; sourceTree = BUILT_PRODUCTS_DIR; };
		C6506E39199BD96A7A15C5E7 /* Pods-Open-GitHub.debug.xcconfig */ = {isa = PBXFileReference; includeInIndex = 1; lastKnownFileType = text.xcconfig; name = "Pods-Open-GitHub.debug.xcconfig"; path = "Target Support Files/Pods-Open-GitHub/Pods-Open-GitHub.debug.xcconfig"; sourceTree = "<group>"; };
		D12DC906249CB04500550D3F /* Open-GitHub.app */ = {isa = PBXFileReference; explicitFileType = wrapper.application; includeInIndex = 0; path = "Open-GitHub.app"; sourceTree = BUILT_PRODUCTS_DIR; };
		D12DC909249CB04500550D3F /* AppDelegate.swift */ = {isa = PBXFileReference; lastKnownFileType = sourcecode.swift; path = AppDelegate.swift; sourceTree = "<group>"; };
		D12DC90D249CB04500550D3F /* SearchViewController.swift */ = {isa = PBXFileReference; lastKnownFileType = sourcecode.swift; path = SearchViewController.swift; sourceTree = "<group>"; };
		D12DC913249CB04500550D3F /* Open_GitHub.xcdatamodel */ = {isa = PBXFileReference; lastKnownFileType = wrapper.xcdatamodel; path = Open_GitHub.xcdatamodel; sourceTree = "<group>"; };
		D12DC915249CB04800550D3F /* Assets.xcassets */ = {isa = PBXFileReference; lastKnownFileType = folder.assetcatalog; path = Assets.xcassets; sourceTree = "<group>"; };
		D12DC918249CB04800550D3F /* Base */ = {isa = PBXFileReference; lastKnownFileType = file.storyboard; name = Base; path = Base.lproj/LaunchScreen.storyboard; sourceTree = "<group>"; };
		D12DC91A249CB04800550D3F /* Info.plist */ = {isa = PBXFileReference; lastKnownFileType = text.plist.xml; path = Info.plist; sourceTree = "<group>"; };
		D17EF971249D442E008094B0 /* AppCoordinator.swift */ = {isa = PBXFileReference; lastKnownFileType = sourcecode.swift; path = AppCoordinator.swift; sourceTree = "<group>"; };
		D17EF97A249D529D008094B0 /* UIView.swift */ = {isa = PBXFileReference; fileEncoding = 4; lastKnownFileType = sourcecode.swift; path = UIView.swift; sourceTree = "<group>"; };
		D17EF97B249D529D008094B0 /* UIDevice.swift */ = {isa = PBXFileReference; fileEncoding = 4; lastKnownFileType = sourcecode.swift; path = UIDevice.swift; sourceTree = "<group>"; };
		D17EF97D249D529D008094B0 /* UIColor.swift */ = {isa = PBXFileReference; fileEncoding = 4; lastKnownFileType = sourcecode.swift; path = UIColor.swift; sourceTree = "<group>"; };
		D17EF97E249D529D008094B0 /* UIImageView.swift */ = {isa = PBXFileReference; fileEncoding = 4; lastKnownFileType = sourcecode.swift; path = UIImageView.swift; sourceTree = "<group>"; };
		D17EF980249D529D008094B0 /* UILabel+Label.swift */ = {isa = PBXFileReference; fileEncoding = 4; lastKnownFileType = sourcecode.swift; path = "UILabel+Label.swift"; sourceTree = "<group>"; };
		D17EF988249D5E1A008094B0 /* UIViewController+ViewController.swift */ = {isa = PBXFileReference; lastKnownFileType = sourcecode.swift; path = "UIViewController+ViewController.swift"; sourceTree = "<group>"; };
		D17EF98A249D8145008094B0 /* SearchViewModel.swift */ = {isa = PBXFileReference; lastKnownFileType = sourcecode.swift; path = SearchViewModel.swift; sourceTree = "<group>"; };
		DA0F34B0FFDDAF3FD2AB4C87 /* Pods-Open-GitHub.release.xcconfig */ = {isa = PBXFileReference; includeInIndex = 1; lastKnownFileType = text.xcconfig; name = "Pods-Open-GitHub.release.xcconfig"; path = "Target Support Files/Pods-Open-GitHub/Pods-Open-GitHub.release.xcconfig"; sourceTree = "<group>"; };
/* End PBXFileReference section */

/* Begin PBXFrameworksBuildPhase section */
		D12DC903249CB04500550D3F /* Frameworks */ = {
			isa = PBXFrameworksBuildPhase;
			buildActionMask = 2147483647;
			files = (
				983CA6847C22CA86E13087EA /* Pods_Open_GitHub.framework in Frameworks */,
			);
			runOnlyForDeploymentPostprocessing = 0;
		};
/* End PBXFrameworksBuildPhase section */

/* Begin PBXGroup section */
		321B1D926468BF27EE448126 /* Pods */ = {
			isa = PBXGroup;
			children = (
				C6506E39199BD96A7A15C5E7 /* Pods-Open-GitHub.debug.xcconfig */,
				DA0F34B0FFDDAF3FD2AB4C87 /* Pods-Open-GitHub.release.xcconfig */,
			);
			path = Pods;
			sourceTree = "<group>";
		};
		8463ACCDD2ED48227FD42072 /* Frameworks */ = {
			isa = PBXGroup;
			children = (
				A8F1BEBFEE04F241E699305D /* Pods_Open_GitHub.framework */,
			);
			name = Frameworks;
			sourceTree = "<group>";
		};
		D12DC8FD249CB04500550D3F = {
			isa = PBXGroup;
			children = (
				D12DC908249CB04500550D3F /* Open-GitHub */,
				D12DC907249CB04500550D3F /* Products */,
				321B1D926468BF27EE448126 /* Pods */,
				8463ACCDD2ED48227FD42072 /* Frameworks */,
			);
			sourceTree = "<group>";
		};
		D12DC907249CB04500550D3F /* Products */ = {
			isa = PBXGroup;
			children = (
				D12DC906249CB04500550D3F /* Open-GitHub.app */,
			);
			name = Products;
			sourceTree = "<group>";
		};
		D12DC908249CB04500550D3F /* Open-GitHub */ = {
			isa = PBXGroup;
			children = (
				D12DC91A249CB04800550D3F /* Info.plist */,
				D17EF970249D3F81008094B0 /* Resourse */,
				D17EF973249D4FE7008094B0 /* Presentation */,
			);
			path = "Open-GitHub";
			sourceTree = "<group>";
		};
		D17EF970249D3F81008094B0 /* Resourse */ = {
			isa = PBXGroup;
			children = (
				D17EF979249D5276008094B0 /* Extension */,
				D12DC915249CB04800550D3F /* Assets.xcassets */,
				D12DC909249CB04500550D3F /* AppDelegate.swift */,
				D17EF971249D442E008094B0 /* AppCoordinator.swift */,
				D12DC917249CB04800550D3F /* LaunchScreen.storyboard */,
				D12DC912249CB04500550D3F /* OpenGitHub.xcdatamodeld */,
			);
			path = Resourse;
			sourceTree = "<group>";
		};
		D17EF973249D4FE7008094B0 /* Presentation */ = {
			isa = PBXGroup;
			children = (
				D17EF974249D5009008094B0 /* Search */,
			);
			path = Presentation;
			sourceTree = "<group>";
		};
		D17EF974249D5009008094B0 /* Search */ = {
			isa = PBXGroup;
			children = (
				D17EF975249D503E008094B0 /* View */,
				D17EF976249D5046008094B0 /* ViewModel */,
			);
			path = Search;
			sourceTree = "<group>";
		};
		D17EF975249D503E008094B0 /* View */ = {
			isa = PBXGroup;
			children = (
				D12DC90D249CB04500550D3F /* SearchViewController.swift */,
			);
			path = View;
			sourceTree = "<group>";
		};
		D17EF976249D5046008094B0 /* ViewModel */ = {
			isa = PBXGroup;
			children = (
				D17EF98A249D8145008094B0 /* SearchViewModel.swift */,
			);
			path = ViewModel;
			sourceTree = "<group>";
		};
		D17EF979249D5276008094B0 /* Extension */ = {
			isa = PBXGroup;
			children = (
				D17EF97B249D529D008094B0 /* UIDevice.swift */,
				D17EF97D249D529D008094B0 /* UIColor.swift */,
				D17EF97A249D529D008094B0 /* UIView.swift */,
				D17EF97E249D529D008094B0 /* UIImageView.swift */,
				D17EF980249D529D008094B0 /* UILabel+Label.swift */,
				D17EF988249D5E1A008094B0 /* UIViewController+ViewController.swift */,
			);
			path = Extension;
			sourceTree = "<group>";
		};
/* End PBXGroup section */

/* Begin PBXNativeTarget section */
		D12DC905249CB04500550D3F /* Open-GitHub */ = {
			isa = PBXNativeTarget;
			buildConfigurationList = D12DC91D249CB04800550D3F /* Build configuration list for PBXNativeTarget "Open-GitHub" */;
			buildPhases = (
				DFE61D98CFA216864A33C129 /* [CP] Check Pods Manifest.lock */,
				D12DC902249CB04500550D3F /* Sources */,
				D12DC903249CB04500550D3F /* Frameworks */,
				D12DC904249CB04500550D3F /* Resources */,
				E6689F40F5355FED023A8925 /* [CP] Embed Pods Frameworks */,
			);
			buildRules = (
			);
			dependencies = (
			);
			name = "Open-GitHub";
			productName = "Open-GitHub";
			productReference = D12DC906249CB04500550D3F /* Open-GitHub.app */;
			productType = "com.apple.product-type.application";
		};
/* End PBXNativeTarget section */

/* Begin PBXProject section */
		D12DC8FE249CB04500550D3F /* Project object */ = {
			isa = PBXProject;
			attributes = {
				LastSwiftUpdateCheck = 1150;
				LastUpgradeCheck = 1150;
				ORGANIZATIONNAME = "Aleksander Logozinsky";
				TargetAttributes = {
					D12DC905249CB04500550D3F = {
						CreatedOnToolsVersion = 11.5;
					};
				};
			};
			buildConfigurationList = D12DC901249CB04500550D3F /* Build configuration list for PBXProject "Open-GitHub" */;
			compatibilityVersion = "Xcode 11.0";
			developmentRegion = en;
			hasScannedForEncodings = 0;
			knownRegions = (
				en,
				Base,
			);
			mainGroup = D12DC8FD249CB04500550D3F;
			productRefGroup = D12DC907249CB04500550D3F /* Products */;
			projectDirPath = "";
			projectRoot = "";
			targets = (
				D12DC905249CB04500550D3F /* Open-GitHub */,
			);
		};
/* End PBXProject section */

/* Begin PBXResourcesBuildPhase section */
		D12DC904249CB04500550D3F /* Resources */ = {
			isa = PBXResourcesBuildPhase;
			buildActionMask = 2147483647;
			files = (
				D12DC919249CB04800550D3F /* LaunchScreen.storyboard in Resources */,
				D12DC916249CB04800550D3F /* Assets.xcassets in Resources */,
			);
			runOnlyForDeploymentPostprocessing = 0;
		};
/* End PBXResourcesBuildPhase section */

/* Begin PBXShellScriptBuildPhase section */
		DFE61D98CFA216864A33C129 /* [CP] Check Pods Manifest.lock */ = {
			isa = PBXShellScriptBuildPhase;
			buildActionMask = 2147483647;
			files = (
			);
			inputFileListPaths = (
			);
			inputPaths = (
				"${PODS_PODFILE_DIR_PATH}/Podfile.lock",
				"${PODS_ROOT}/Manifest.lock",
			);
			name = "[CP] Check Pods Manifest.lock";
			outputFileListPaths = (
			);
			outputPaths = (
				"$(DERIVED_FILE_DIR)/Pods-Open-GitHub-checkManifestLockResult.txt",
			);
			runOnlyForDeploymentPostprocessing = 0;
			shellPath = /bin/sh;
			shellScript = "diff \"${PODS_PODFILE_DIR_PATH}/Podfile.lock\" \"${PODS_ROOT}/Manifest.lock\" > /dev/null\nif [ $? != 0 ] ; then\n    # print error to STDERR\n    echo \"error: The sandbox is not in sync with the Podfile.lock. Run 'pod install' or update your CocoaPods installation.\" >&2\n    exit 1\nfi\n# This output is used by Xcode 'outputs' to avoid re-running this script phase.\necho \"SUCCESS\" > \"${SCRIPT_OUTPUT_FILE_0}\"\n";
			showEnvVarsInLog = 0;
		};
		E6689F40F5355FED023A8925 /* [CP] Embed Pods Frameworks */ = {
			isa = PBXShellScriptBuildPhase;
			buildActionMask = 2147483647;
			files = (
			);
			inputFileListPaths = (
				"${PODS_ROOT}/Target Support Files/Pods-Open-GitHub/Pods-Open-GitHub-frameworks-${CONFIGURATION}-input-files.xcfilelist",
			);
			name = "[CP] Embed Pods Frameworks";
			outputFileListPaths = (
				"${PODS_ROOT}/Target Support Files/Pods-Open-GitHub/Pods-Open-GitHub-frameworks-${CONFIGURATION}-output-files.xcfilelist",
			);
			runOnlyForDeploymentPostprocessing = 0;
			shellPath = /bin/sh;
			shellScript = "\"${PODS_ROOT}/Target Support Files/Pods-Open-GitHub/Pods-Open-GitHub-frameworks.sh\"\n";
			showEnvVarsInLog = 0;
		};
/* End PBXShellScriptBuildPhase section */

/* Begin PBXSourcesBuildPhase section */
		D12DC902249CB04500550D3F /* Sources */ = {
			isa = PBXSourcesBuildPhase;
			buildActionMask = 2147483647;
			files = (
				D17EF98B249D8145008094B0 /* SearchViewModel.swift in Sources */,
				D17EF981249D529D008094B0 /* UIView.swift in Sources */,
				D17EF982249D529D008094B0 /* UIDevice.swift in Sources */,
				D17EF987249D529D008094B0 /* UILabel+Label.swift in Sources */,
				D17EF972249D442E008094B0 /* AppCoordinator.swift in Sources */,
				D12DC914249CB04500550D3F /* OpenGitHub.xcdatamodeld in Sources */,
				D12DC90E249CB04500550D3F /* SearchViewController.swift in Sources */,
				D17EF984249D529D008094B0 /* UIColor.swift in Sources */,
				D12DC90A249CB04500550D3F /* AppDelegate.swift in Sources */,
				D17EF985249D529D008094B0 /* UIImageView.swift in Sources */,
				D17EF989249D5E1A008094B0 /* UIViewController+ViewController.swift in Sources */,
			);
			runOnlyForDeploymentPostprocessing = 0;
		};
/* End PBXSourcesBuildPhase section */

/* Begin PBXVariantGroup section */
		D12DC917249CB04800550D3F /* LaunchScreen.storyboard */ = {
			isa = PBXVariantGroup;
			children = (
				D12DC918249CB04800550D3F /* Base */,
			);
			name = LaunchScreen.storyboard;
			sourceTree = "<group>";
		};
/* End PBXVariantGroup section */

/* Begin XCBuildConfiguration section */
		D12DC91B249CB04800550D3F /* Debug */ = {
			isa = XCBuildConfiguration;
			buildSettings = {
				ALWAYS_SEARCH_USER_PATHS = NO;
				CLANG_ANALYZER_NONNULL = YES;
				CLANG_ANALYZER_NUMBER_OBJECT_CONVERSION = YES_AGGRESSIVE;
				CLANG_CXX_LANGUAGE_STANDARD = "gnu++14";
				CLANG_CXX_LIBRARY = "libc++";
				CLANG_ENABLE_MODULES = YES;
				CLANG_ENABLE_OBJC_ARC = YES;
				CLANG_ENABLE_OBJC_WEAK = YES;
				CLANG_WARN_BLOCK_CAPTURE_AUTORELEASING = YES;
				CLANG_WARN_BOOL_CONVERSION = YES;
				CLANG_WARN_COMMA = YES;
				CLANG_WARN_CONSTANT_CONVERSION = YES;
				CLANG_WARN_DEPRECATED_OBJC_IMPLEMENTATIONS = YES;
				CLANG_WARN_DIRECT_OBJC_ISA_USAGE = YES_ERROR;
				CLANG_WARN_DOCUMENTATION_COMMENTS = YES;
				CLANG_WARN_EMPTY_BODY = YES;
				CLANG_WARN_ENUM_CONVERSION = YES;
				CLANG_WARN_INFINITE_RECURSION = YES;
				CLANG_WARN_INT_CONVERSION = YES;
				CLANG_WARN_NON_LITERAL_NULL_CONVERSION = YES;
				CLANG_WARN_OBJC_IMPLICIT_RETAIN_SELF = YES;
				CLANG_WARN_OBJC_LITERAL_CONVERSION = YES;
				CLANG_WARN_OBJC_ROOT_CLASS = YES_ERROR;
				CLANG_WARN_RANGE_LOOP_ANALYSIS = YES;
				CLANG_WARN_STRICT_PROTOTYPES = YES;
				CLANG_WARN_SUSPICIOUS_MOVE = YES;
				CLANG_WARN_UNGUARDED_AVAILABILITY = YES_AGGRESSIVE;
				CLANG_WARN_UNREACHABLE_CODE = YES;
				CLANG_WARN__DUPLICATE_METHOD_MATCH = YES;
				COPY_PHASE_STRIP = NO;
				DEBUG_INFORMATION_FORMAT = dwarf;
				ENABLE_STRICT_OBJC_MSGSEND = YES;
				ENABLE_TESTABILITY = YES;
				GCC_C_LANGUAGE_STANDARD = gnu11;
				GCC_DYNAMIC_NO_PIC = NO;
				GCC_NO_COMMON_BLOCKS = YES;
				GCC_OPTIMIZATION_LEVEL = 0;
				GCC_PREPROCESSOR_DEFINITIONS = (
					"DEBUG=1",
					"$(inherited)",
				);
				GCC_WARN_64_TO_32_BIT_CONVERSION = YES;
				GCC_WARN_ABOUT_RETURN_TYPE = YES_ERROR;
				GCC_WARN_UNDECLARED_SELECTOR = YES;
				GCC_WARN_UNINITIALIZED_AUTOS = YES_AGGRESSIVE;
				GCC_WARN_UNUSED_FUNCTION = YES;
				GCC_WARN_UNUSED_VARIABLE = YES;
				IPHONEOS_DEPLOYMENT_TARGET = 12.0;
				MTL_ENABLE_DEBUG_INFO = INCLUDE_SOURCE;
				MTL_FAST_MATH = YES;
				ONLY_ACTIVE_ARCH = YES;
				SDKROOT = iphoneos;
				SWIFT_ACTIVE_COMPILATION_CONDITIONS = DEBUG;
				SWIFT_OPTIMIZATION_LEVEL = "-Onone";
			};
			name = Debug;
		};
		D12DC91C249CB04800550D3F /* Release */ = {
			isa = XCBuildConfiguration;
			buildSettings = {
				ALWAYS_SEARCH_USER_PATHS = NO;
				CLANG_ANALYZER_NONNULL = YES;
				CLANG_ANALYZER_NUMBER_OBJECT_CONVERSION = YES_AGGRESSIVE;
				CLANG_CXX_LANGUAGE_STANDARD = "gnu++14";
				CLANG_CXX_LIBRARY = "libc++";
				CLANG_ENABLE_MODULES = YES;
				CLANG_ENABLE_OBJC_ARC = YES;
				CLANG_ENABLE_OBJC_WEAK = YES;
				CLANG_WARN_BLOCK_CAPTURE_AUTORELEASING = YES;
				CLANG_WARN_BOOL_CONVERSION = YES;
				CLANG_WARN_COMMA = YES;
				CLANG_WARN_CONSTANT_CONVERSION = YES;
				CLANG_WARN_DEPRECATED_OBJC_IMPLEMENTATIONS = YES;
				CLANG_WARN_DIRECT_OBJC_ISA_USAGE = YES_ERROR;
				CLANG_WARN_DOCUMENTATION_COMMENTS = YES;
				CLANG_WARN_EMPTY_BODY = YES;
				CLANG_WARN_ENUM_CONVERSION = YES;
				CLANG_WARN_INFINITE_RECURSION = YES;
				CLANG_WARN_INT_CONVERSION = YES;
				CLANG_WARN_NON_LITERAL_NULL_CONVERSION = YES;
				CLANG_WARN_OBJC_IMPLICIT_RETAIN_SELF = YES;
				CLANG_WARN_OBJC_LITERAL_CONVERSION = YES;
				CLANG_WARN_OBJC_ROOT_CLASS = YES_ERROR;
				CLANG_WARN_RANGE_LOOP_ANALYSIS = YES;
				CLANG_WARN_STRICT_PROTOTYPES = YES;
				CLANG_WARN_SUSPICIOUS_MOVE = YES;
				CLANG_WARN_UNGUARDED_AVAILABILITY = YES_AGGRESSIVE;
				CLANG_WARN_UNREACHABLE_CODE = YES;
				CLANG_WARN__DUPLICATE_METHOD_MATCH = YES;
				COPY_PHASE_STRIP = NO;
				DEBUG_INFORMATION_FORMAT = "dwarf-with-dsym";
				ENABLE_NS_ASSERTIONS = NO;
				ENABLE_STRICT_OBJC_MSGSEND = YES;
				GCC_C_LANGUAGE_STANDARD = gnu11;
				GCC_NO_COMMON_BLOCKS = YES;
				GCC_WARN_64_TO_32_BIT_CONVERSION = YES;
				GCC_WARN_ABOUT_RETURN_TYPE = YES_ERROR;
				GCC_WARN_UNDECLARED_SELECTOR = YES;
				GCC_WARN_UNINITIALIZED_AUTOS = YES_AGGRESSIVE;
				GCC_WARN_UNUSED_FUNCTION = YES;
				GCC_WARN_UNUSED_VARIABLE = YES;
				IPHONEOS_DEPLOYMENT_TARGET = 12.0;
				MTL_ENABLE_DEBUG_INFO = NO;
				MTL_FAST_MATH = YES;
				SDKROOT = iphoneos;
				SWIFT_COMPILATION_MODE = wholemodule;
				SWIFT_OPTIMIZATION_LEVEL = "-O";
				VALIDATE_PRODUCT = YES;
			};
			name = Release;
		};
		D12DC91E249CB04800550D3F /* Debug */ = {
			isa = XCBuildConfiguration;
			baseConfigurationReference = C6506E39199BD96A7A15C5E7 /* Pods-Open-GitHub.debug.xcconfig */;
			buildSettings = {
				ASSETCATALOG_COMPILER_APPICON_NAME = AppIcon;
				CODE_SIGN_STYLE = Automatic;
				DEVELOPMENT_TEAM = 73VJRTF9X7;
				INFOPLIST_FILE = "Open-GitHub/Info.plist";
				LD_RUNPATH_SEARCH_PATHS = (
					"$(inherited)",
					"@executable_path/Frameworks",
				);
				MARKETING_VERSION = 0.01;
				PRODUCT_BUNDLE_IDENTIFIER = "loghozinsky.Open-GitHub";
				PRODUCT_NAME = "$(TARGET_NAME)";
				SWIFT_VERSION = 5.0;
				TARGETED_DEVICE_FAMILY = "1,2";
			};
			name = Debug;
		};
		D12DC91F249CB04800550D3F /* Release */ = {
			isa = XCBuildConfiguration;
			baseConfigurationReference = DA0F34B0FFDDAF3FD2AB4C87 /* Pods-Open-GitHub.release.xcconfig */;
			buildSettings = {
				ASSETCATALOG_COMPILER_APPICON_NAME = AppIcon;
				CODE_SIGN_STYLE = Automatic;
				DEVELOPMENT_TEAM = 73VJRTF9X7;
				INFOPLIST_FILE = "Open-GitHub/Info.plist";
				LD_RUNPATH_SEARCH_PATHS = (
					"$(inherited)",
					"@executable_path/Frameworks",
				);
				MARKETING_VERSION = 0.01;
				PRODUCT_BUNDLE_IDENTIFIER = "loghozinsky.Open-GitHub";
				PRODUCT_NAME = "$(TARGET_NAME)";
				SWIFT_VERSION = 5.0;
				TARGETED_DEVICE_FAMILY = "1,2";
			};
			name = Release;
		};
/* End XCBuildConfiguration section */

/* Begin XCConfigurationList section */
		D12DC901249CB04500550D3F /* Build configuration list for PBXProject "Open-GitHub" */ = {
			isa = XCConfigurationList;
			buildConfigurations = (
				D12DC91B249CB04800550D3F /* Debug */,
				D12DC91C249CB04800550D3F /* Release */,
			);
			defaultConfigurationIsVisible = 0;
			defaultConfigurationName = Release;
		};
		D12DC91D249CB04800550D3F /* Build configuration list for PBXNativeTarget "Open-GitHub" */ = {
			isa = XCConfigurationList;
			buildConfigurations = (
				D12DC91E249CB04800550D3F /* Debug */,
				D12DC91F249CB04800550D3F /* Release */,
			);
			defaultConfigurationIsVisible = 0;
			defaultConfigurationName = Release;
		};
/* End XCConfigurationList section */

/* Begin XCVersionGroup section */
		D12DC912249CB04500550D3F /* OpenGitHub.xcdatamodeld */ = {
			isa = XCVersionGroup;
			children = (
				D12DC913249CB04500550D3F /* Open_GitHub.xcdatamodel */,
			);
			currentVersion = D12DC913249CB04500550D3F /* Open_GitHub.xcdatamodel */;
			path = OpenGitHub.xcdatamodeld;
			sourceTree = "<group>";
			versionGroupType = wrapper.xcdatamodel;
		};
/* End XCVersionGroup section */
	};
	rootObject = D12DC8FE249CB04500550D3F /* Project object */;
}
